// !$*UTF8*$!
{
	archiveVersion = 1;
	classes = {
	};
	objectVersion = 50;
	objects = {

/* Begin PBXBuildFile section */
		2CA775C5217B7CC200CDC6A3 /* Assets.xcassets in Resources */ = {isa = PBXBuildFile; fileRef = 2CA775C4217B7CC200CDC6A3 /* Assets.xcassets */; };
		2CA775C8217B7CC200CDC6A3 /* MainMenu.xib in Resources */ = {isa = PBXBuildFile; fileRef = 2CA775C6217B7CC200CDC6A3 /* MainMenu.xib */; };
		2CA775D5217B7CFB00CDC6A3 /* main.mm in Sources */ = {isa = PBXBuildFile; fileRef = 2CA775D3217B7CFB00CDC6A3 /* main.mm */; };
		2CA775D6217B7CFB00CDC6A3 /* Shaders.metal in Sources */ = {isa = PBXBuildFile; fileRef = 2CA775D4217B7CFB00CDC6A3 /* Shaders.metal */; };
		2CA775DA217B7D1100CDC6A3 /* MetalKit.framework in Frameworks */ = {isa = PBXBuildFile; fileRef = 2CA775D8217B7D1100CDC6A3 /* MetalKit.framework */; };
		2CA775DB217B7D1100CDC6A3 /* Metal.framework in Frameworks */ = {isa = PBXBuildFile; fileRef = 2CA775D9217B7D1100CDC6A3 /* Metal.framework */; };
		2CA775DD217B7D1800CDC6A3 /* AppKit.framework in Frameworks */ = {isa = PBXBuildFile; fileRef = 2CA775DC217B7D1800CDC6A3 /* AppKit.framework */; };
/* End PBXBuildFile section */

/* Begin PBXFileReference section */
		2CA775BE217B7CC100CDC6A3 /* S02-TwoTriangles.app */ = {isa = PBXFileReference; explicitFileType = wrapper.application; includeInIndex = 0; path = "S02-TwoTriangles.app"; sourceTree = BUILT_PRODUCTS_DIR; };
		2CA775C4217B7CC200CDC6A3 /* Assets.xcassets */ = {isa = PBXFileReference; lastKnownFileType = folder.assetcatalog; path = Assets.xcassets; sourceTree = "<group>"; };
		2CA775C7217B7CC200CDC6A3 /* Base */ = {isa = PBXFileReference; lastKnownFileType = file.xib; name = Base; path = Base.lproj/MainMenu.xib; sourceTree = "<group>"; };
		2CA775C9217B7CC200CDC6A3 /* Info.plist */ = {isa = PBXFileReference; lastKnownFileType = text.plist.xml; path = Info.plist; sourceTree = "<group>"; };
		2CA775CC217B7CC300CDC6A3 /* S02_TwoTriangles.entitlements */ = {isa = PBXFileReference; lastKnownFileType = text.plist.entitlements; path = S02_TwoTriangles.entitlements; sourceTree = "<group>"; };
		2CA775D2217B7CFB00CDC6A3 /* ShaderTypes.hpp */ = {isa = PBXFileReference; fileEncoding = 4; lastKnownFileType = sourcecode.cpp.h; path = ShaderTypes.hpp; sourceTree = "<group>"; };
		2CA775D3217B7CFB00CDC6A3 /* main.mm */ = {isa = PBXFileReference; fileEncoding = 4; lastKnownFileType = sourcecode.cpp.objcpp; path = main.mm; sourceTree = "<group>"; };
		2CA775D4217B7CFB00CDC6A3 /* Shaders.metal */ = {isa = PBXFileReference; fileEncoding = 4; lastKnownFileType = sourcecode.metal; path = Shaders.metal; sourceTree = "<group>"; };
		2CA775D8217B7D1100CDC6A3 /* MetalKit.framework */ = {isa = PBXFileReference; lastKnownFileType = wrapper.framework; name = MetalKit.framework; path = System/Library/Frameworks/MetalKit.framework; sourceTree = SDKROOT; };
		2CA775D9217B7D1100CDC6A3 /* Metal.framework */ = {isa = PBXFileReference; lastKnownFileType = wrapper.framework; name = Metal.framework; path = System/Library/Frameworks/Metal.framework; sourceTree = SDKROOT; };
		2CA775DC217B7D1800CDC6A3 /* AppKit.framework */ = {isa = PBXFileReference; lastKnownFileType = wrapper.framework; name = AppKit.framework; path = System/Library/Frameworks/AppKit.framework; sourceTree = SDKROOT; };
/* End PBXFileReference section */

/* Begin PBXFrameworksBuildPhase section */
		2CA775BB217B7CC100CDC6A3 /* Frameworks */ = {
			isa = PBXFrameworksBuildPhase;
			buildActionMask = 2147483647;
			files = (
				2CA775DD217B7D1800CDC6A3 /* AppKit.framework in Frameworks */,
				2CA775DA217B7D1100CDC6A3 /* MetalKit.framework in Frameworks */,
				2CA775DB217B7D1100CDC6A3 /* Metal.framework in Frameworks */,
			);
			runOnlyForDeploymentPostprocessing = 0;
		};
/* End PBXFrameworksBuildPhase section */

/* Begin PBXGroup section */
		2CA775B5217B7CC100CDC6A3 = {
			isa = PBXGroup;
			children = (
				2CA775C0217B7CC100CDC6A3 /* S02-TwoTriangles */,
				2CA775BF217B7CC100CDC6A3 /* Products */,
				2CA775D7217B7D1100CDC6A3 /* Frameworks */,
			);
			sourceTree = "<group>";
		};
		2CA775BF217B7CC100CDC6A3 /* Products */ = {
			isa = PBXGroup;
			children = (
				2CA775BE217B7CC100CDC6A3 /* S02-TwoTriangles.app */,
			);
			name = Products;
			sourceTree = "<group>";
		};
		2CA775C0217B7CC100CDC6A3 /* S02-TwoTriangles */ = {
			isa = PBXGroup;
			children = (
				2CA775D3217B7CFB00CDC6A3 /* main.mm */,
				2CA775D4217B7CFB00CDC6A3 /* Shaders.metal */,
				2CA775D2217B7CFB00CDC6A3 /* ShaderTypes.hpp */,
				2CA775C4217B7CC200CDC6A3 /* Assets.xcassets */,
				2CA775C6217B7CC200CDC6A3 /* MainMenu.xib */,
				2CA775C9217B7CC200CDC6A3 /* Info.plist */,
				2CA775CC217B7CC300CDC6A3 /* S02_TwoTriangles.entitlements */,
			);
			path = "S02-TwoTriangles";
			sourceTree = "<group>";
		};
		2CA775D7217B7D1100CDC6A3 /* Frameworks */ = {
			isa = PBXGroup;
			children = (
				2CA775DC217B7D1800CDC6A3 /* AppKit.framework */,
				2CA775D9217B7D1100CDC6A3 /* Metal.framework */,
				2CA775D8217B7D1100CDC6A3 /* MetalKit.framework */,
			);
			name = Frameworks;
			sourceTree = "<group>";
		};
/* End PBXGroup section */

/* Begin PBXNativeTarget section */
		2CA775BD217B7CC100CDC6A3 /* S02-TwoTriangles */ = {
			isa = PBXNativeTarget;
			buildConfigurationList = 2CA775CF217B7CC300CDC6A3 /* Build configuration list for PBXNativeTarget "S02-TwoTriangles" */;
			buildPhases = (
				2CA775BA217B7CC100CDC6A3 /* Sources */,
				2CA775BB217B7CC100CDC6A3 /* Frameworks */,
				2CA775BC217B7CC100CDC6A3 /* Resources */,
			);
			buildRules = (
			);
			dependencies = (
			);
			name = "S02-TwoTriangles";
			productName = "S02-TwoTriangles";
			productReference = 2CA775BE217B7CC100CDC6A3 /* S02-TwoTriangles.app */;
			productType = "com.apple.product-type.application";
		};
/* End PBXNativeTarget section */

/* Begin PBXProject section */
		2CA775B6217B7CC100CDC6A3 /* Project object */ = {
			isa = PBXProject;
			attributes = {
				LastUpgradeCheck = 1000;
				ORGANIZATIONNAME = Siv3D;
				TargetAttributes = {
					2CA775BD217B7CC100CDC6A3 = {
						CreatedOnToolsVersion = 10.0;
					};
				};
			};
			buildConfigurationList = 2CA775B9217B7CC100CDC6A3 /* Build configuration list for PBXProject "S02-TwoTriangles" */;
			compatibilityVersion = "Xcode 9.3";
			developmentRegion = en;
			hasScannedForEncodings = 0;
			knownRegions = (
				en,
				Base,
			);
			mainGroup = 2CA775B5217B7CC100CDC6A3;
			productRefGroup = 2CA775BF217B7CC100CDC6A3 /* Products */;
			projectDirPath = "";
			projectRoot = "";
			targets = (
				2CA775BD217B7CC100CDC6A3 /* S02-TwoTriangles */,
			);
		};
/* End PBXProject section */

/* Begin PBXResourcesBuildPhase section */
		2CA775BC217B7CC100CDC6A3 /* Resources */ = {
			isa = PBXResourcesBuildPhase;
			buildActionMask = 2147483647;
			files = (
				2CA775C5217B7CC200CDC6A3 /* Assets.xcassets in Resources */,
				2CA775C8217B7CC200CDC6A3 /* MainMenu.xib in Resources */,
			);
			runOnlyForDeploymentPostprocessing = 0;
		};
/* End PBXResourcesBuildPhase section */

/* Begin PBXSourcesBuildPhase section */
		2CA775BA217B7CC100CDC6A3 /* Sources */ = {
			isa = PBXSourcesBuildPhase;
			buildActionMask = 2147483647;
			files = (
				2CA775D6217B7CFB00CDC6A3 /* Shaders.metal in Sources */,
				2CA775D5217B7CFB00CDC6A3 /* main.mm in Sources */,
			);
			runOnlyForDeploymentPostprocessing = 0;
		};
/* End PBXSourcesBuildPhase section */

/* Begin PBXVariantGroup section */
		2CA775C6217B7CC200CDC6A3 /* MainMenu.xib */ = {
			isa = PBXVariantGroup;
			children = (
				2CA775C7217B7CC200CDC6A3 /* Base */,
			);
			name = MainMenu.xib;
			sourceTree = "<group>";
		};
/* End PBXVariantGroup section */

/* Begin XCBuildConfiguration section */
		2CA775CD217B7CC300CDC6A3 /* Debug */ = {
			isa = XCBuildConfiguration;
			buildSettings = {
				ALWAYS_SEARCH_USER_PATHS = NO;
				CLANG_ANALYZER_NONNULL = YES;
				CLANG_ANALYZER_NUMBER_OBJECT_CONVERSION = YES_AGGRESSIVE;
				CLANG_CXX_LANGUAGE_STANDARD = "gnu++14";
				CLANG_CXX_LIBRARY = "libc++";
				CLANG_ENABLE_MODULES = YES;
				CLANG_ENABLE_OBJC_ARC = YES;
				CLANG_ENABLE_OBJC_WEAK = YES;
				CLANG_WARN_BLOCK_CAPTURE_AUTORELEASING = YES;
				CLANG_WARN_BOOL_CONVERSION = YES;
				CLANG_WARN_COMMA = YES;
				CLANG_WARN_CONSTANT_CONVERSION = YES;
				CLANG_WARN_DEPRECATED_OBJC_IMPLEMENTATIONS = YES;
				CLANG_WARN_DIRECT_OBJC_ISA_USAGE = YES_ERROR;
				CLANG_WARN_DOCUMENTATION_COMMENTS = YES;
				CLANG_WARN_EMPTY_BODY = YES;
				CLANG_WARN_ENUM_CONVERSION = YES;
				CLANG_WARN_INFINITE_RECURSION = YES;
				CLANG_WARN_INT_CONVERSION = YES;
				CLANG_WARN_NON_LITERAL_NULL_CONVERSION = YES;
				CLANG_WARN_OBJC_IMPLICIT_RETAIN_SELF = YES;
				CLANG_WARN_OBJC_LITERAL_CONVERSION = YES;
				CLANG_WARN_OBJC_ROOT_CLASS = YES_ERROR;
				CLANG_WARN_RANGE_LOOP_ANALYSIS = YES;
				CLANG_WARN_STRICT_PROTOTYPES = YES;
				CLANG_WARN_SUSPICIOUS_MOVE = YES;
				CLANG_WARN_UNGUARDED_AVAILABILITY = YES_AGGRESSIVE;
				CLANG_WARN_UNREACHABLE_CODE = YES;
				CLANG_WARN__DUPLICATE_METHOD_MATCH = YES;
				CODE_SIGN_IDENTITY = "-";
				COPY_PHASE_STRIP = NO;
				DEBUG_INFORMATION_FORMAT = dwarf;
				ENABLE_STRICT_OBJC_MSGSEND = YES;
				ENABLE_TESTABILITY = YES;
				GCC_C_LANGUAGE_STANDARD = gnu11;
				GCC_DYNAMIC_NO_PIC = NO;
				GCC_NO_COMMON_BLOCKS = YES;
				GCC_OPTIMIZATION_LEVEL = 0;
				GCC_PREPROCESSOR_DEFINITIONS = (
					"DEBUG=1",
					"$(inherited)",
				);
				GCC_WARN_64_TO_32_BIT_CONVERSION = YES;
				GCC_WARN_ABOUT_RETURN_TYPE = YES_ERROR;
				GCC_WARN_UNDECLARED_SELECTOR = YES;
				GCC_WARN_UNINITIALIZED_AUTOS = YES_AGGRESSIVE;
				GCC_WARN_UNUSED_FUNCTION = YES;
				GCC_WARN_UNUSED_VARIABLE = YES;
				MACOSX_DEPLOYMENT_TARGET = 10.13;
				MTL_ENABLE_DEBUG_INFO = INCLUDE_SOURCE;
				MTL_FAST_MATH = YES;
				ONLY_ACTIVE_ARCH = YES;
				SDKROOT = macosx;
			};
			name = Debug;
		};
		2CA775CE217B7CC300CDC6A3 /* Release */ = {
			isa = XCBuildConfiguration;
			buildSettings = {
				ALWAYS_SEARCH_USER_PATHS = NO;
				CLANG_ANALYZER_NONNULL = YES;
				CLANG_ANALYZER_NUMBER_OBJECT_CONVERSION = YES_AGGRESSIVE;
				CLANG_CXX_LANGUAGE_STANDARD = "gnu++14";
				CLANG_CXX_LIBRARY = "libc++";
				CLANG_ENABLE_MODULES = YES;
				CLANG_ENABLE_OBJC_ARC = YES;
				CLANG_ENABLE_OBJC_WEAK = YES;
				CLANG_WARN_BLOCK_CAPTURE_AUTORELEASING = YES;
				CLANG_WARN_BOOL_CONVERSION = YES;
				CLANG_WARN_COMMA = YES;
				CLANG_WARN_CONSTANT_CONVERSION = YES;
				CLANG_WARN_DEPRECATED_OBJC_IMPLEMENTATIONS = YES;
				CLANG_WARN_DIRECT_OBJC_ISA_USAGE = YES_ERROR;
				CLANG_WARN_DOCUMENTATION_COMMENTS = YES;
				CLANG_WARN_EMPTY_BODY = YES;
				CLANG_WARN_ENUM_CONVERSION = YES;
				CLANG_WARN_INFINITE_RECURSION = YES;
				CLANG_WARN_INT_CONVERSION = YES;
				CLANG_WARN_NON_LITERAL_NULL_CONVERSION = YES;
				CLANG_WARN_OBJC_IMPLICIT_RETAIN_SELF = YES;
				CLANG_WARN_OBJC_LITERAL_CONVERSION = YES;
				CLANG_WARN_OBJC_ROOT_CLASS = YES_ERROR;
				CLANG_WARN_RANGE_LOOP_ANALYSIS = YES;
				CLANG_WARN_STRICT_PROTOTYPES = YES;
				CLANG_WARN_SUSPICIOUS_MOVE = YES;
				CLANG_WARN_UNGUARDED_AVAILABILITY = YES_AGGRESSIVE;
				CLANG_WARN_UNREACHABLE_CODE = YES;
				CLANG_WARN__DUPLICATE_METHOD_MATCH = YES;
				CODE_SIGN_IDENTITY = "-";
				COPY_PHASE_STRIP = NO;
				DEBUG_INFORMATION_FORMAT = "dwarf-with-dsym";
				ENABLE_NS_ASSERTIONS = NO;
				ENABLE_STRICT_OBJC_MSGSEND = YES;
				GCC_C_LANGUAGE_STANDARD = gnu11;
				GCC_NO_COMMON_BLOCKS = YES;
				GCC_WARN_64_TO_32_BIT_CONVERSION = YES;
				GCC_WARN_ABOUT_RETURN_TYPE = YES_ERROR;
				GCC_WARN_UNDECLARED_SELECTOR = YES;
				GCC_WARN_UNINITIALIZED_AUTOS = YES_AGGRESSIVE;
				GCC_WARN_UNUSED_FUNCTION = YES;
				GCC_WARN_UNUSED_VARIABLE = YES;
				MACOSX_DEPLOYMENT_TARGET = 10.13;
				MTL_ENABLE_DEBUG_INFO = NO;
				MTL_FAST_MATH = YES;
				SDKROOT = macosx;
			};
			name = Release;
		};
		2CA775D0217B7CC300CDC6A3 /* Debug */ = {
			isa = XCBuildConfiguration;
			buildSettings = {
				ASSETCATALOG_COMPILER_APPICON_NAME = AppIcon;
				CLANG_CXX_LANGUAGE_STANDARD = "c++17";
				CODE_SIGN_ENTITLEMENTS = "S02-TwoTriangles/S02_TwoTriangles.entitlements";
				CODE_SIGN_STYLE = Automatic;
				COMBINE_HIDPI_IMAGES = YES;
				INFOPLIST_FILE = "S02-TwoTriangles/Info.plist";
				LD_RUNPATH_SEARCH_PATHS = (
					"$(inherited)",
					"@executable_path/../Frameworks",
				);
				PRODUCT_BUNDLE_IDENTIFIER = "Siv3D.S02-TwoTriangles";
				PRODUCT_NAME = "$(TARGET_NAME)";
			};
			name = Debug;
		};
		2CA775D1217B7CC300CDC6A3 /* Release */ = {
			isa = XCBuildConfiguration;
			buildSettings = {
				ASSETCATALOG_COMPILER_APPICON_NAME = AppIcon;
				CLANG_CXX_LANGUAGE_STANDARD = "c++17";
				CODE_SIGN_ENTITLEMENTS = "S02-TwoTriangles/S02_TwoTriangles.entitlements";
				CODE_SIGN_STYLE = Automatic;
				COMBINE_HIDPI_IMAGES = YES;
				INFOPLIST_FILE = "S02-TwoTriangles/Info.plist";
				LD_RUNPATH_SEARCH_PATHS = (
					"$(inherited)",
					"@executable_path/../Frameworks",
				);
				PRODUCT_BUNDLE_IDENTIFIER = "Siv3D.S02-TwoTriangles";
				PRODUCT_NAME = "$(TARGET_NAME)";
			};
			name = Release;
		};
/* End XCBuildConfiguration section */

/* Begin XCConfigurationList section */
		2CA775B9217B7CC100CDC6A3 /* Build configuration list for PBXProject "S02-TwoTriangles" */ = {
			isa = XCConfigurationList;
			buildConfigurations = (
				2CA775CD217B7CC300CDC6A3 /* Debug */,
				2CA775CE217B7CC300CDC6A3 /* Release */,
			);
			defaultConfigurationIsVisible = 0;
			defaultConfigurationName = Release;
		};
		2CA775CF217B7CC300CDC6A3 /* Build configuration list for PBXNativeTarget "S02-TwoTriangles" */ = {
			isa = XCConfigurationList;
			buildConfigurations = (
				2CA775D0217B7CC300CDC6A3 /* Debug */,
				2CA775D1217B7CC300CDC6A3 /* Release */,
			);
			defaultConfigurationIsVisible = 0;
			defaultConfigurationName = Release;
		};
/* End XCConfigurationList section */
	};
	rootObject = 2CA775B6217B7CC100CDC6A3 /* Project object */;
}
