// !$*UTF8*$!
{
	archiveVersion = 1;
	classes = {
	};
	objectVersion = 50;
	objects = {

/* Begin PBXBuildFile section */
		2C6241CC2178AAD700921C84 /* Assets.xcassets in Resources */ = {isa = PBXBuildFile; fileRef = 2C6241CB2178AAD700921C84 /* Assets.xcassets */; };
		2C6241CF2178AAD700921C84 /* MainMenu.xib in Resources */ = {isa = PBXBuildFile; fileRef = 2C6241CD2178AAD700921C84 /* MainMenu.xib */; };
		2C6241DF2178AB9C00921C84 /* Metal.framework in Frameworks */ = {isa = PBXBuildFile; fileRef = 2C6241DD2178AB9C00921C84 /* Metal.framework */; };
		2C6241E02178AB9C00921C84 /* MetalKit.framework in Frameworks */ = {isa = PBXBuildFile; fileRef = 2C6241DE2178AB9C00921C84 /* MetalKit.framework */; };
		2C6241E22178ABA100921C84 /* AppKit.framework in Frameworks */ = {isa = PBXBuildFile; fileRef = 2C6241E12178ABA100921C84 /* AppKit.framework */; };
		2CA7759B217B41C600CDC6A3 /* SivMetalEngine.cpp in Sources */ = {isa = PBXBuildFile; fileRef = 2CA77599217B41C600CDC6A3 /* SivMetalEngine.cpp */; };
		2CA775A1217B422400CDC6A3 /* WindowFactory.cpp in Sources */ = {isa = PBXBuildFile; fileRef = 2CA7759D217B422400CDC6A3 /* WindowFactory.cpp */; };
		2CA775A2217B422400CDC6A3 /* CWindow.mm in Sources */ = {isa = PBXBuildFile; fileRef = 2CA7759E217B422400CDC6A3 /* CWindow.mm */; };
		2CA775A6217B43F000CDC6A3 /* Shaders.metal in Sources */ = {isa = PBXBuildFile; fileRef = 2CA775A3217B43F000CDC6A3 /* Shaders.metal */; };
		2CA775A7217B43F000CDC6A3 /* SivMetal.mm in Sources */ = {isa = PBXBuildFile; fileRef = 2CA775A4217B43F000CDC6A3 /* SivMetal.mm */; };
		2CA775AA217B478E00CDC6A3 /* SivMetal.cpp in Sources */ = {isa = PBXBuildFile; fileRef = 2CA775A9217B478E00CDC6A3 /* SivMetal.cpp */; };
		2CA775AC217B4F3900CDC6A3 /* Main.cpp in Sources */ = {isa = PBXBuildFile; fileRef = 2CA775AB217B4F3900CDC6A3 /* Main.cpp */; };
		2CA775B2217B576400CDC6A3 /* CSystem.mm in Sources */ = {isa = PBXBuildFile; fileRef = 2CA775B0217B576400CDC6A3 /* CSystem.mm */; };
		2CA775B3217B576400CDC6A3 /* SystemFactory.cpp in Sources */ = {isa = PBXBuildFile; fileRef = 2CA775B1217B576400CDC6A3 /* SystemFactory.cpp */; };
/* End PBXBuildFile section */

/* Begin PBXFileReference section */
		2C6241C52178AAD600921C84 /* S01-Triangle.app */ = {isa = PBXFileReference; explicitFileType = wrapper.application; includeInIndex = 0; path = "S01-Triangle.app"; sourceTree = BUILT_PRODUCTS_DIR; };
		2C6241CB2178AAD700921C84 /* Assets.xcassets */ = {isa = PBXFileReference; lastKnownFileType = folder.assetcatalog; path = Assets.xcassets; sourceTree = "<group>"; };
		2C6241CE2178AAD700921C84 /* Base */ = {isa = PBXFileReference; lastKnownFileType = file.xib; name = Base; path = Base.lproj/MainMenu.xib; sourceTree = "<group>"; };
		2C6241D02178AAD700921C84 /* Info.plist */ = {isa = PBXFileReference; lastKnownFileType = text.plist.xml; path = Info.plist; sourceTree = "<group>"; };
		2C6241D32178AAD700921C84 /* S01_Triangle.entitlements */ = {isa = PBXFileReference; lastKnownFileType = text.plist.entitlements; path = S01_Triangle.entitlements; sourceTree = "<group>"; };
		2C6241DD2178AB9C00921C84 /* Metal.framework */ = {isa = PBXFileReference; lastKnownFileType = wrapper.framework; name = Metal.framework; path = System/Library/Frameworks/Metal.framework; sourceTree = SDKROOT; };
		2C6241DE2178AB9C00921C84 /* MetalKit.framework */ = {isa = PBXFileReference; lastKnownFileType = wrapper.framework; name = MetalKit.framework; path = System/Library/Frameworks/MetalKit.framework; sourceTree = SDKROOT; };
		2C6241E12178ABA100921C84 /* AppKit.framework */ = {isa = PBXFileReference; lastKnownFileType = wrapper.framework; name = AppKit.framework; path = System/Library/Frameworks/AppKit.framework; sourceTree = SDKROOT; };
		2CA77599217B41C600CDC6A3 /* SivMetalEngine.cpp */ = {isa = PBXFileReference; fileEncoding = 4; lastKnownFileType = sourcecode.cpp.cpp; path = SivMetalEngine.cpp; sourceTree = "<group>"; };
		2CA7759A217B41C600CDC6A3 /* SivMetalEngine.hpp */ = {isa = PBXFileReference; fileEncoding = 4; lastKnownFileType = sourcecode.cpp.h; path = SivMetalEngine.hpp; sourceTree = "<group>"; };
		2CA7759D217B422400CDC6A3 /* WindowFactory.cpp */ = {isa = PBXFileReference; fileEncoding = 4; lastKnownFileType = sourcecode.cpp.cpp; path = WindowFactory.cpp; sourceTree = "<group>"; };
		2CA7759E217B422400CDC6A3 /* CWindow.mm */ = {isa = PBXFileReference; fileEncoding = 4; lastKnownFileType = sourcecode.cpp.objcpp; path = CWindow.mm; sourceTree = "<group>"; };
		2CA7759F217B422400CDC6A3 /* IWindow.hpp */ = {isa = PBXFileReference; fileEncoding = 4; lastKnownFileType = sourcecode.cpp.h; path = IWindow.hpp; sourceTree = "<group>"; };
		2CA775A0217B422400CDC6A3 /* CWindow.hpp */ = {isa = PBXFileReference; fileEncoding = 4; lastKnownFileType = sourcecode.cpp.h; path = CWindow.hpp; sourceTree = "<group>"; };
		2CA775A3217B43F000CDC6A3 /* Shaders.metal */ = {isa = PBXFileReference; fileEncoding = 4; lastKnownFileType = sourcecode.metal; path = Shaders.metal; sourceTree = "<group>"; };
		2CA775A4217B43F000CDC6A3 /* SivMetal.mm */ = {isa = PBXFileReference; fileEncoding = 4; lastKnownFileType = sourcecode.cpp.objcpp; path = SivMetal.mm; sourceTree = "<group>"; };
		2CA775A5217B43F000CDC6A3 /* ShaderTypes.hpp */ = {isa = PBXFileReference; fileEncoding = 4; lastKnownFileType = sourcecode.cpp.h; path = ShaderTypes.hpp; sourceTree = "<group>"; };
		2CA775A8217B469A00CDC6A3 /* SivMetal.hpp */ = {isa = PBXFileReference; lastKnownFileType = sourcecode.cpp.h; path = SivMetal.hpp; sourceTree = "<group>"; };
		2CA775A9217B478E00CDC6A3 /* SivMetal.cpp */ = {isa = PBXFileReference; fileEncoding = 4; lastKnownFileType = sourcecode.cpp.cpp; path = SivMetal.cpp; sourceTree = "<group>"; };
		2CA775AB217B4F3900CDC6A3 /* Main.cpp */ = {isa = PBXFileReference; fileEncoding = 4; lastKnownFileType = sourcecode.cpp.cpp; path = Main.cpp; sourceTree = "<group>"; };
		2CA775AE217B576400CDC6A3 /* CSystem.hpp */ = {isa = PBXFileReference; fileEncoding = 4; lastKnownFileType = sourcecode.cpp.h; path = CSystem.hpp; sourceTree = "<group>"; };
		2CA775AF217B576400CDC6A3 /* ISystem.hpp */ = {isa = PBXFileReference; fileEncoding = 4; lastKnownFileType = sourcecode.cpp.h; path = ISystem.hpp; sourceTree = "<group>"; };
		2CA775B0217B576400CDC6A3 /* CSystem.mm */ = {isa = PBXFileReference; fileEncoding = 4; lastKnownFileType = sourcecode.cpp.objcpp; path = CSystem.mm; sourceTree = "<group>"; };
		2CA775B1217B576400CDC6A3 /* SystemFactory.cpp */ = {isa = PBXFileReference; fileEncoding = 4; lastKnownFileType = sourcecode.cpp.cpp; path = SystemFactory.cpp; sourceTree = "<group>"; };
/* End PBXFileReference section */

/* Begin PBXFrameworksBuildPhase section */
		2C6241C22178AAD600921C84 /* Frameworks */ = {
			isa = PBXFrameworksBuildPhase;
			buildActionMask = 2147483647;
			files = (
				2C6241E22178ABA100921C84 /* AppKit.framework in Frameworks */,
				2C6241DF2178AB9C00921C84 /* Metal.framework in Frameworks */,
				2C6241E02178AB9C00921C84 /* MetalKit.framework in Frameworks */,
			);
			runOnlyForDeploymentPostprocessing = 0;
		};
/* End PBXFrameworksBuildPhase section */

/* Begin PBXGroup section */
		2C6241BC2178AAD600921C84 = {
			isa = PBXGroup;
			children = (
				2C6241C72178AAD600921C84 /* S01-Triangle */,
				2C6241C62178AAD600921C84 /* Products */,
				2C6241DC2178AB9C00921C84 /* Frameworks */,
			);
			sourceTree = "<group>";
		};
		2C6241C62178AAD600921C84 /* Products */ = {
			isa = PBXGroup;
			children = (
				2C6241C52178AAD600921C84 /* S01-Triangle.app */,
			);
			name = Products;
			sourceTree = "<group>";
		};
		2C6241C72178AAD600921C84 /* S01-Triangle */ = {
			isa = PBXGroup;
			children = (
				2CA775A8217B469A00CDC6A3 /* SivMetal.hpp */,
				2CA775A9217B478E00CDC6A3 /* SivMetal.cpp */,
				2CA775AB217B4F3900CDC6A3 /* Main.cpp */,
				2CA77598217B41C600CDC6A3 /* SivMetal */,
				2C6241CB2178AAD700921C84 /* Assets.xcassets */,
				2C6241CD2178AAD700921C84 /* MainMenu.xib */,
				2C6241D02178AAD700921C84 /* Info.plist */,
				2C6241D32178AAD700921C84 /* S01_Triangle.entitlements */,
			);
			path = "S01-Triangle";
			sourceTree = "<group>";
		};
		2C6241DC2178AB9C00921C84 /* Frameworks */ = {
			isa = PBXGroup;
			children = (
				2C6241E12178ABA100921C84 /* AppKit.framework */,
				2C6241DD2178AB9C00921C84 /* Metal.framework */,
				2C6241DE2178AB9C00921C84 /* MetalKit.framework */,
			);
			name = Frameworks;
			sourceTree = "<group>";
		};
		2CA77598217B41C600CDC6A3 /* SivMetal */ = {
			isa = PBXGroup;
			children = (
				2CA775A3217B43F000CDC6A3 /* Shaders.metal */,
				2CA775A5217B43F000CDC6A3 /* ShaderTypes.hpp */,
				2CA775A4217B43F000CDC6A3 /* SivMetal.mm */,
				2CA77599217B41C600CDC6A3 /* SivMetalEngine.cpp */,
				2CA7759A217B41C600CDC6A3 /* SivMetalEngine.hpp */,
				2CA775AD217B576400CDC6A3 /* System */,
				2CA7759C217B422400CDC6A3 /* Window */,
			);
			path = SivMetal;
			sourceTree = "<group>";
		};
		2CA7759C217B422400CDC6A3 /* Window */ = {
			isa = PBXGroup;
			children = (
				2CA7759D217B422400CDC6A3 /* WindowFactory.cpp */,
				2CA7759E217B422400CDC6A3 /* CWindow.mm */,
				2CA7759F217B422400CDC6A3 /* IWindow.hpp */,
				2CA775A0217B422400CDC6A3 /* CWindow.hpp */,
			);
			path = Window;
			sourceTree = "<group>";
		};
		2CA775AD217B576400CDC6A3 /* System */ = {
			isa = PBXGroup;
			children = (
				2CA775AE217B576400CDC6A3 /* CSystem.hpp */,
				2CA775AF217B576400CDC6A3 /* ISystem.hpp */,
				2CA775B0217B576400CDC6A3 /* CSystem.mm */,
				2CA775B1217B576400CDC6A3 /* SystemFactory.cpp */,
			);
			path = System;
			sourceTree = "<group>";
		};
/* End PBXGroup section */

/* Begin PBXNativeTarget section */
		2C6241C42178AAD600921C84 /* S01-Triangle */ = {
			isa = PBXNativeTarget;
			buildConfigurationList = 2C6241D62178AAD700921C84 /* Build configuration list for PBXNativeTarget "S01-Triangle" */;
			buildPhases = (
				2C6241C12178AAD600921C84 /* Sources */,
				2C6241C22178AAD600921C84 /* Frameworks */,
				2C6241C32178AAD600921C84 /* Resources */,
			);
			buildRules = (
			);
			dependencies = (
			);
			name = "S01-Triangle";
			productName = "S01-Triangle";
			productReference = 2C6241C52178AAD600921C84 /* S01-Triangle.app */;
			productType = "com.apple.product-type.application";
		};
/* End PBXNativeTarget section */

/* Begin PBXProject section */
		2C6241BD2178AAD600921C84 /* Project object */ = {
			isa = PBXProject;
			attributes = {
				LastUpgradeCheck = 1000;
				ORGANIZATIONNAME = Siv3D;
				TargetAttributes = {
					2C6241C42178AAD600921C84 = {
						CreatedOnToolsVersion = 10.0;
					};
				};
			};
			buildConfigurationList = 2C6241C02178AAD600921C84 /* Build configuration list for PBXProject "S01-Triangle" */;
			compatibilityVersion = "Xcode 9.3";
			developmentRegion = en;
			hasScannedForEncodings = 0;
			knownRegions = (
				en,
				Base,
			);
			mainGroup = 2C6241BC2178AAD600921C84;
			productRefGroup = 2C6241C62178AAD600921C84 /* Products */;
			projectDirPath = "";
			projectRoot = "";
			targets = (
				2C6241C42178AAD600921C84 /* S01-Triangle */,
			);
		};
/* End PBXProject section */

/* Begin PBXResourcesBuildPhase section */
		2C6241C32178AAD600921C84 /* Resources */ = {
			isa = PBXResourcesBuildPhase;
			buildActionMask = 2147483647;
			files = (
				2C6241CC2178AAD700921C84 /* Assets.xcassets in Resources */,
				2C6241CF2178AAD700921C84 /* MainMenu.xib in Resources */,
			);
			runOnlyForDeploymentPostprocessing = 0;
		};
/* End PBXResourcesBuildPhase section */

/* Begin PBXSourcesBuildPhase section */
		2C6241C12178AAD600921C84 /* Sources */ = {
			isa = PBXSourcesBuildPhase;
			buildActionMask = 2147483647;
			files = (
				2CA775AA217B478E00CDC6A3 /* SivMetal.cpp in Sources */,
				2CA775AC217B4F3900CDC6A3 /* Main.cpp in Sources */,
				2CA775B2217B576400CDC6A3 /* CSystem.mm in Sources */,
				2CA775A6217B43F000CDC6A3 /* Shaders.metal in Sources */,
				2CA775B3217B576400CDC6A3 /* SystemFactory.cpp in Sources */,
				2CA775A7217B43F000CDC6A3 /* SivMetal.mm in Sources */,
				2CA775A2217B422400CDC6A3 /* CWindow.mm in Sources */,
				2CA775A1217B422400CDC6A3 /* WindowFactory.cpp in Sources */,
				2CA7759B217B41C600CDC6A3 /* SivMetalEngine.cpp in Sources */,
			);
			runOnlyForDeploymentPostprocessing = 0;
		};
/* End PBXSourcesBuildPhase section */

/* Begin PBXVariantGroup section */
		2C6241CD2178AAD700921C84 /* MainMenu.xib */ = {
			isa = PBXVariantGroup;
			children = (
				2C6241CE2178AAD700921C84 /* Base */,
			);
			name = MainMenu.xib;
			sourceTree = "<group>";
		};
/* End PBXVariantGroup section */

/* Begin XCBuildConfiguration section */
		2C6241D42178AAD700921C84 /* Debug */ = {
			isa = XCBuildConfiguration;
			buildSettings = {
				ALWAYS_SEARCH_USER_PATHS = NO;
				CLANG_ANALYZER_NONNULL = YES;
				CLANG_ANALYZER_NUMBER_OBJECT_CONVERSION = YES_AGGRESSIVE;
				CLANG_CXX_LANGUAGE_STANDARD = "gnu++14";
				CLANG_CXX_LIBRARY = "libc++";
				CLANG_ENABLE_MODULES = YES;
				CLANG_ENABLE_OBJC_ARC = YES;
				CLANG_ENABLE_OBJC_WEAK = YES;
				CLANG_WARN_BLOCK_CAPTURE_AUTORELEASING = YES;
				CLANG_WARN_BOOL_CONVERSION = YES;
				CLANG_WARN_COMMA = YES;
				CLANG_WARN_CONSTANT_CONVERSION = YES;
				CLANG_WARN_DEPRECATED_OBJC_IMPLEMENTATIONS = YES;
				CLANG_WARN_DIRECT_OBJC_ISA_USAGE = YES_ERROR;
				CLANG_WARN_DOCUMENTATION_COMMENTS = YES;
				CLANG_WARN_EMPTY_BODY = YES;
				CLANG_WARN_ENUM_CONVERSION = YES;
				CLANG_WARN_INFINITE_RECURSION = YES;
				CLANG_WARN_INT_CONVERSION = YES;
				CLANG_WARN_NON_LITERAL_NULL_CONVERSION = YES;
				CLANG_WARN_OBJC_IMPLICIT_RETAIN_SELF = YES;
				CLANG_WARN_OBJC_LITERAL_CONVERSION = YES;
				CLANG_WARN_OBJC_ROOT_CLASS = YES_ERROR;
				CLANG_WARN_RANGE_LOOP_ANALYSIS = YES;
				CLANG_WARN_STRICT_PROTOTYPES = YES;
				CLANG_WARN_SUSPICIOUS_MOVE = YES;
				CLANG_WARN_UNGUARDED_AVAILABILITY = YES_AGGRESSIVE;
				CLANG_WARN_UNREACHABLE_CODE = YES;
				CLANG_WARN__DUPLICATE_METHOD_MATCH = YES;
				CODE_SIGN_IDENTITY = "-";
				COPY_PHASE_STRIP = NO;
				DEBUG_INFORMATION_FORMAT = dwarf;
				ENABLE_STRICT_OBJC_MSGSEND = YES;
				ENABLE_TESTABILITY = YES;
				GCC_C_LANGUAGE_STANDARD = gnu11;
				GCC_DYNAMIC_NO_PIC = NO;
				GCC_NO_COMMON_BLOCKS = YES;
				GCC_OPTIMIZATION_LEVEL = 0;
				GCC_PREPROCESSOR_DEFINITIONS = (
					"DEBUG=1",
					"$(inherited)",
				);
				GCC_WARN_64_TO_32_BIT_CONVERSION = YES;
				GCC_WARN_ABOUT_RETURN_TYPE = YES_ERROR;
				GCC_WARN_UNDECLARED_SELECTOR = YES;
				GCC_WARN_UNINITIALIZED_AUTOS = YES_AGGRESSIVE;
				GCC_WARN_UNUSED_FUNCTION = YES;
				GCC_WARN_UNUSED_VARIABLE = YES;
				MACOSX_DEPLOYMENT_TARGET = 10.13;
				MTL_ENABLE_DEBUG_INFO = INCLUDE_SOURCE;
				MTL_FAST_MATH = YES;
				ONLY_ACTIVE_ARCH = YES;
				SDKROOT = macosx;
			};
			name = Debug;
		};
		2C6241D52178AAD700921C84 /* Release */ = {
			isa = XCBuildConfiguration;
			buildSettings = {
				ALWAYS_SEARCH_USER_PATHS = NO;
				CLANG_ANALYZER_NONNULL = YES;
				CLANG_ANALYZER_NUMBER_OBJECT_CONVERSION = YES_AGGRESSIVE;
				CLANG_CXX_LANGUAGE_STANDARD = "gnu++14";
				CLANG_CXX_LIBRARY = "libc++";
				CLANG_ENABLE_MODULES = YES;
				CLANG_ENABLE_OBJC_ARC = YES;
				CLANG_ENABLE_OBJC_WEAK = YES;
				CLANG_WARN_BLOCK_CAPTURE_AUTORELEASING = YES;
				CLANG_WARN_BOOL_CONVERSION = YES;
				CLANG_WARN_COMMA = YES;
				CLANG_WARN_CONSTANT_CONVERSION = YES;
				CLANG_WARN_DEPRECATED_OBJC_IMPLEMENTATIONS = YES;
				CLANG_WARN_DIRECT_OBJC_ISA_USAGE = YES_ERROR;
				CLANG_WARN_DOCUMENTATION_COMMENTS = YES;
				CLANG_WARN_EMPTY_BODY = YES;
				CLANG_WARN_ENUM_CONVERSION = YES;
				CLANG_WARN_INFINITE_RECURSION = YES;
				CLANG_WARN_INT_CONVERSION = YES;
				CLANG_WARN_NON_LITERAL_NULL_CONVERSION = YES;
				CLANG_WARN_OBJC_IMPLICIT_RETAIN_SELF = YES;
				CLANG_WARN_OBJC_LITERAL_CONVERSION = YES;
				CLANG_WARN_OBJC_ROOT_CLASS = YES_ERROR;
				CLANG_WARN_RANGE_LOOP_ANALYSIS = YES;
				CLANG_WARN_STRICT_PROTOTYPES = YES;
				CLANG_WARN_SUSPICIOUS_MOVE = YES;
				CLANG_WARN_UNGUARDED_AVAILABILITY = YES_AGGRESSIVE;
				CLANG_WARN_UNREACHABLE_CODE = YES;
				CLANG_WARN__DUPLICATE_METHOD_MATCH = YES;
				CODE_SIGN_IDENTITY = "-";
				COPY_PHASE_STRIP = NO;
				DEBUG_INFORMATION_FORMAT = "dwarf-with-dsym";
				ENABLE_NS_ASSERTIONS = NO;
				ENABLE_STRICT_OBJC_MSGSEND = YES;
				GCC_C_LANGUAGE_STANDARD = gnu11;
				GCC_NO_COMMON_BLOCKS = YES;
				GCC_WARN_64_TO_32_BIT_CONVERSION = YES;
				GCC_WARN_ABOUT_RETURN_TYPE = YES_ERROR;
				GCC_WARN_UNDECLARED_SELECTOR = YES;
				GCC_WARN_UNINITIALIZED_AUTOS = YES_AGGRESSIVE;
				GCC_WARN_UNUSED_FUNCTION = YES;
				GCC_WARN_UNUSED_VARIABLE = YES;
				MACOSX_DEPLOYMENT_TARGET = 10.13;
				MTL_ENABLE_DEBUG_INFO = NO;
				MTL_FAST_MATH = YES;
				SDKROOT = macosx;
			};
			name = Release;
		};
		2C6241D72178AAD700921C84 /* Debug */ = {
			isa = XCBuildConfiguration;
			buildSettings = {
				ASSETCATALOG_COMPILER_APPICON_NAME = AppIcon;
				CLANG_CXX_LANGUAGE_STANDARD = "c++17";
				CODE_SIGN_ENTITLEMENTS = "S01-Triangle/S01_Triangle.entitlements";
				CODE_SIGN_STYLE = Automatic;
				COMBINE_HIDPI_IMAGES = YES;
				INFOPLIST_FILE = "S01-Triangle/Info.plist";
				LD_RUNPATH_SEARCH_PATHS = (
					"$(inherited)",
					"@executable_path/../Frameworks",
				);
				PRODUCT_BUNDLE_IDENTIFIER = "Siv3D.S01-Triangle";
				PRODUCT_NAME = "$(TARGET_NAME)";
			};
			name = Debug;
		};
		2C6241D82178AAD700921C84 /* Release */ = {
			isa = XCBuildConfiguration;
			buildSettings = {
				ASSETCATALOG_COMPILER_APPICON_NAME = AppIcon;
				CLANG_CXX_LANGUAGE_STANDARD = "c++17";
				CODE_SIGN_ENTITLEMENTS = "S01-Triangle/S01_Triangle.entitlements";
				CODE_SIGN_STYLE = Automatic;
				COMBINE_HIDPI_IMAGES = YES;
				INFOPLIST_FILE = "S01-Triangle/Info.plist";
				LD_RUNPATH_SEARCH_PATHS = (
					"$(inherited)",
					"@executable_path/../Frameworks",
				);
				PRODUCT_BUNDLE_IDENTIFIER = "Siv3D.S01-Triangle";
				PRODUCT_NAME = "$(TARGET_NAME)";
			};
			name = Release;
		};
/* End XCBuildConfiguration section */

/* Begin XCConfigurationList section */
		2C6241C02178AAD600921C84 /* Build configuration list for PBXProject "S01-Triangle" */ = {
			isa = XCConfigurationList;
			buildConfigurations = (
				2C6241D42178AAD700921C84 /* Debug */,
				2C6241D52178AAD700921C84 /* Release */,
			);
			defaultConfigurationIsVisible = 0;
			defaultConfigurationName = Release;
		};
		2C6241D62178AAD700921C84 /* Build configuration list for PBXNativeTarget "S01-Triangle" */ = {
			isa = XCConfigurationList;
			buildConfigurations = (
				2C6241D72178AAD700921C84 /* Debug */,
				2C6241D82178AAD700921C84 /* Release */,
			);
			defaultConfigurationIsVisible = 0;
			defaultConfigurationName = Release;
		};
/* End XCConfigurationList section */
	};
	rootObject = 2C6241BD2178AAD600921C84 /* Project object */;
}
